
Microsoft Visual Studio Solution File, Format Version 12.00
# Visual Studio 15
VisualStudioVersion = 15.0.28307.1022
MinimumVisualStudioVersion = 10.0.40219.1
Project("{FAE04EC0-301F-11D3-BF4B-00C04F79EFBC}") = "MODARCHIVEAUTOD2", "..\MODARCHIVEAUTOD2\MODARCHIVEAUTOD2.csproj", "{204121F8-AF6D-40E9-A67F-6F5E0C7CE9A9}"
EndProject
Global
	GlobalSection(SolutionConfigurationPlatforms) = preSolution
		Debug|Any CPU = Debug|Any CPU
		Release|Any CPU = Release|Any CPU
	EndGlobalSection
	GlobalSection(ProjectConfigurationPlatforms) = postSolution
		{204121F8-AF6D-40E9-A67F-6F5E0C7CE9A9}.Debug|Any CPU.ActiveCfg = Debug|Any CPU
		{204121F8-AF6D-40E9-A67F-6F5E0C7CE9A9}.Debug|Any CPU.Build.0 = Debug|Any CPU
		{204121F8-AF6D-40E9-A67F-6F5E0C7CE9A9}.Release|Any CPU.ActiveCfg = Release|Any CPU
		{204121F8-AF6D-40E9-A67F-6F5E0C7CE9A9}.Release|Any CPU.Build.0 = Release|Any CPU
	EndGlobalSection
	GlobalSection(SolutionProperties) = preSolution
		HideSolutionNode = FALSE
	EndGlobalSection
	GlobalSection(ExtensibilityGlobals) = postSolution
		SolutionGuid = {B86D7B4D-AF5B-4647-9B68-006CA17D778D}
	EndGlobalSection
EndGlobal
