
Microsoft Visual Studio Solution File, Format Version 12.00
# Visual Studio Version 16
VisualStudioVersion = 16.0.31112.23
MinimumVisualStudioVersion = 10.0.40219.1
Project("{FAE04EC0-301F-11D3-BF4B-00C04F79EFBC}") = "ModArchiveAutoDownloader", "ModArchiveAutoDownloader\ModArchiveAutoDownloader.csproj", "{C36614C4-DB16-4598-853D-67A9395C3AC6}"
EndProject
Global
	GlobalSection(SolutionConfigurationPlatforms) = preSolution
		Debug|Any CPU = Debug|Any CPU
		Release|Any CPU = Release|Any CPU
	EndGlobalSection
	GlobalSection(ProjectConfigurationPlatforms) = postSolution
		{C36614C4-DB16-4598-853D-67A9395C3AC6}.Debug|Any CPU.ActiveCfg = Debug|Any CPU
		{C36614C4-DB16-4598-853D-67A9395C3AC6}.Debug|Any CPU.Build.0 = Debug|Any CPU
		{C36614C4-DB16-4598-853D-67A9395C3AC6}.Release|Any CPU.ActiveCfg = Release|Any CPU
		{C36614C4-DB16-4598-853D-67A9395C3AC6}.Release|Any CPU.Build.0 = Release|Any CPU
	EndGlobalSection
	GlobalSection(SolutionProperties) = preSolution
		HideSolutionNode = FALSE
	EndGlobalSection
	GlobalSection(ExtensibilityGlobals) = postSolution
		SolutionGuid = {B86D7B4D-AF5B-4647-9B68-006CA17D778D}
	EndGlobalSection
EndGlobal
